{
  "name": "@freifunkmuc/grpc-ts-web",
  "version": "0.4.0",
  "lockfileVersion": 3,
  "requires": true,
  "packages": {
    "": {
      "name": "@freifunkmuc/grpc-ts-web",
      "version": "0.4.0",
      "license": "MIT",
      "dependencies": {
        "commander": "^15.0.0"
      },
      "bin": {
        "grpc-ts-web": "command.js"
      },
      "engines": {
        "node": ">=22.12.0"
      },
      "peerDependencies": {
        "google-protobuf": "^3.11.4 || ^4.0.0",
        "grpc-web": "^1.0.7 || ^2.0.0"
      }
    },
    "node_modules/commander": {
      "version": "15.0.0",
      "resolved": "https://registry.npmjs.org/commander/-/commander-15.0.0.tgz",
      "integrity": "sha512-z67u4ZhzCL/Tydu1lJARtEZYWbWaN7oYLHbsuzocr6y4N6WZAagG3RQ4FW61V1/0+jImpj293XfrcYnd1qxtPg==",
      "license": "MIT",
      "engines": {
        "node": ">=22.12.0"
      }
    },
    "node_modules/google-protobuf": {
      "version": "4.0.3",
      "resolved": "https://registry.npmjs.org/google-protobuf/-/google-protobuf-4.0.3.tgz",
      "integrity": "sha512-DI6iiRmF8fE/EzvGK5F9b8RxZeumHC2AAhi3xwOEh+GT5eRhJeW1aOtkDxn0W7cVCFQAtwK+ZDwIO1BYz+9WMA==",
      "license": "(BSD-3-Clause AND Apache-2.0)",
      "peer": true
    },
    "node_modules/grpc-web": {
      "version": "2.1.1",
      "resolved": "https://registry.npmjs.org/grpc-web/-/grpc-web-2.1.1.tgz",
      "integrity": "sha512-6Yxso4djycqREHvhCBGdcxxqhgEf2EYWa7QqQ07v4drZBHg/N9C3f27epjJYjl4KIsGpkB0g+wn9TrYepSC35Q==",
      "license": "Apache-2.0",
      "peer": true
    }
  }
}
